{
  "version": "5",
  "specifiers": {
    "npm:vitest@^3.1.1": "3.2.4"
  },
  "npm": {
    "@esbuild/aix-ppc64@0.27.7": {
      "integrity": "sha512-EKX3Qwmhz1eMdEJokhALr0YiD0lhQNwDqkPYyPhiSwKrh7/4KRjQc04sZ8db+5DVVnZ1LmbNDI1uAMPEUBnQPg==",
      "os": ["aix"],
      "cpu": ["ppc64"]
    },
    "@esbuild/android-arm64@0.27.7": {
      "integrity": "sha512-62dPZHpIXzvChfvfLJow3q5dDtiNMkwiRzPylSCfriLvZeq0a1bWChrGx/BbUbPwOrsWKMn8idSllklzBy+dgQ==",
      "os": ["android"],
      "cpu": ["arm64"]
    },
    "@esbuild/android-arm@0.27.7": {
      "integrity": "sha512-jbPXvB4Yj2yBV7HUfE2KHe4GJX51QplCN1pGbYjvsyCZbQmies29EoJbkEc+vYuU5o45AfQn37vZlyXy4YJ8RQ==",
      "os": ["android"],
      "cpu": ["arm"]
    },
    "@esbuild/android-x64@0.27.7": {
      "integrity": "sha512-x5VpMODneVDb70PYV2VQOmIUUiBtY3D3mPBG8NxVk5CogneYhkR7MmM3yR/uMdITLrC1ml/NV1rj4bMJuy9MCg==",
      "os": ["android"],
      "cpu": ["x64"]
    },
    "@esbuild/darwin-arm64@0.27.7": {
      "integrity": "sha512-5lckdqeuBPlKUwvoCXIgI2D9/ABmPq3Rdp7IfL70393YgaASt7tbju3Ac+ePVi3KDH6N2RqePfHnXkaDtY9fkw==",
      "os": ["darwin"],
      "cpu": ["arm64"]
    },
    "@esbuild/darwin-x64@0.27.7": {
      "integrity": "sha512-rYnXrKcXuT7Z+WL5K980jVFdvVKhCHhUwid+dDYQpH+qu+TefcomiMAJpIiC2EM3Rjtq0sO3StMV/+3w3MyyqQ==",
      "os": ["darwin"],
      "cpu": ["x64"]
    },
    "@esbuild/freebsd-arm64@0.27.7": {
      "integrity": "sha512-B48PqeCsEgOtzME2GbNM2roU29AMTuOIN91dsMO30t+Ydis3z/3Ngoj5hhnsOSSwNzS+6JppqWsuhTp6E82l2w==",
      "os": ["freebsd"],
      "cpu": ["arm64"]
    },
    "@esbuild/freebsd-x64@0.27.7": {
      "integrity": "sha512-jOBDK5XEjA4m5IJK3bpAQF9/Lelu/Z9ZcdhTRLf4cajlB+8VEhFFRjWgfy3M1O4rO2GQ/b2dLwCUGpiF/eATNQ==",
      "os": ["freebsd"],
      "cpu": ["x64"]
    },
    "@esbuild/linux-arm64@0.27.7": {
      "integrity": "sha512-RZPHBoxXuNnPQO9rvjh5jdkRmVizktkT7TCDkDmQ0W2SwHInKCAV95GRuvdSvA7w4VMwfCjUiPwDi0ZO6Nfe9A==",
      "os": ["linux"],
      "cpu": ["arm64"]
    },
    "@esbuild/linux-arm@0.27.7": {
      "integrity": "sha512-RkT/YXYBTSULo3+af8Ib0ykH8u2MBh57o7q/DAs3lTJlyVQkgQvlrPTnjIzzRPQyavxtPtfg0EopvDyIt0j1rA==",
      "os": ["linux"],
      "cpu": ["arm"]
    },
    "@esbuild/linux-ia32@0.27.7": {
      "integrity": "sha512-GA48aKNkyQDbd3KtkplYWT102C5sn/EZTY4XROkxONgruHPU72l+gW+FfF8tf2cFjeHaRbWpOYa/uRBz/Xq1Pg==",
      "os": ["linux"],
      "cpu": ["ia32"]
    },
    "@esbuild/linux-loong64@0.27.7": {
      "integrity": "sha512-a4POruNM2oWsD4WKvBSEKGIiWQF8fZOAsycHOt6JBpZ+JN2n2JH9WAv56SOyu9X5IqAjqSIPTaJkqN8F7XOQ5Q==",
      "os": ["linux"],
      "cpu": ["loong64"]
    },
    "@esbuild/linux-mips64el@0.27.7": {
      "integrity": "sha512-KabT5I6StirGfIz0FMgl1I+R1H73Gp0ofL9A3nG3i/cYFJzKHhouBV5VWK1CSgKvVaG4q1RNpCTR2LuTVB3fIw==",
      "os": ["linux"],
      "cpu": ["mips64el"]
    },
    "@esbuild/linux-ppc64@0.27.7": {
      "integrity": "sha512-gRsL4x6wsGHGRqhtI+ifpN/vpOFTQtnbsupUF5R5YTAg+y/lKelYR1hXbnBdzDjGbMYjVJLJTd2OFmMewAgwlQ==",
      "os": ["linux"],
      "cpu": ["ppc64"]
    },
    "@esbuild/linux-riscv64@0.27.7": {
      "integrity": "sha512-hL25LbxO1QOngGzu2U5xeXtxXcW+/GvMN3ejANqXkxZ/opySAZMrc+9LY/WyjAan41unrR3YrmtTsUpwT66InQ==",
      "os": ["linux"],
      "cpu": ["riscv64"]
    },
    "@esbuild/linux-s390x@0.27.7": {
      "integrity": "sha512-2k8go8Ycu1Kb46vEelhu1vqEP+UeRVj2zY1pSuPdgvbd5ykAw82Lrro28vXUrRmzEsUV0NzCf54yARIK8r0fdw==",
      "os": ["linux"],
      "cpu": ["s390x"]
    },
    "@esbuild/linux-x64@0.27.7": {
      "integrity": "sha512-hzznmADPt+OmsYzw1EE33ccA+HPdIqiCRq7cQeL1Jlq2gb1+OyWBkMCrYGBJ+sxVzve2ZJEVeePbLM2iEIZSxA==",
      "os": ["linux"],
      "cpu": ["x64"]
    },
    "@esbuild/netbsd-arm64@0.27.7": {
      "integrity": "sha512-b6pqtrQdigZBwZxAn1UpazEisvwaIDvdbMbmrly7cDTMFnw/+3lVxxCTGOrkPVnsYIosJJXAsILG9XcQS+Yu6w==",
      "os": ["netbsd"],
      "cpu": ["arm64"]
    },
    "@esbuild/netbsd-x64@0.27.7": {
      "integrity": "sha512-OfatkLojr6U+WN5EDYuoQhtM+1xco+/6FSzJJnuWiUw5eVcicbyK3dq5EeV/QHT1uy6GoDhGbFpprUiHUYggrw==",
      "os": ["netbsd"],
      "cpu": ["x64"]
    },
    "@esbuild/openbsd-arm64@0.27.7": {
      "integrity": "sha512-AFuojMQTxAz75Fo8idVcqoQWEHIXFRbOc1TrVcFSgCZtQfSdc1RXgB3tjOn/krRHENUB4j00bfGjyl2mJrU37A==",
      "os": ["openbsd"],
      "cpu": ["arm64"]
    },
    "@esbuild/openbsd-x64@0.27.7": {
      "integrity": "sha512-+A1NJmfM8WNDv5CLVQYJ5PshuRm/4cI6WMZRg1by1GwPIQPCTs1GLEUHwiiQGT5zDdyLiRM/l1G0Pv54gvtKIg==",
      "os": ["openbsd"],
      "cpu": ["x64"]
    },
    "@esbuild/openharmony-arm64@0.27.7": {
      "integrity": "sha512-+KrvYb/C8zA9CU/g0sR6w2RBw7IGc5J2BPnc3dYc5VJxHCSF1yNMxTV5LQ7GuKteQXZtspjFbiuW5/dOj7H4Yw==",
      "os": ["openharmony"],
      "cpu": ["arm64"]
    },
    "@esbuild/sunos-x64@0.27.7": {
      "integrity": "sha512-ikktIhFBzQNt/QDyOL580ti9+5mL/YZeUPKU2ivGtGjdTYoqz6jObj6nOMfhASpS4GU4Q/Clh1QtxWAvcYKamA==",
      "os": ["sunos"],
      "cpu": ["x64"]
    },
    "@esbuild/win32-arm64@0.27.7": {
      "integrity": "sha512-7yRhbHvPqSpRUV7Q20VuDwbjW5kIMwTHpptuUzV+AA46kiPze5Z7qgt6CLCK3pWFrHeNfDd1VKgyP4O+ng17CA==",
      "os": ["win32"],
      "cpu": ["arm64"]
    },
    "@esbuild/win32-ia32@0.27.7": {
      "integrity": "sha512-SmwKXe6VHIyZYbBLJrhOoCJRB/Z1tckzmgTLfFYOfpMAx63BJEaL9ExI8x7v0oAO3Zh6D/Oi1gVxEYr5oUCFhw==",
      "os": ["win32"],
      "cpu": ["ia32"]
    },
    "@esbuild/win32-x64@0.27.7": {
      "integrity": "sha512-56hiAJPhwQ1R4i+21FVF7V8kSD5zZTdHcVuRFMW0hn753vVfQN8xlx4uOPT4xoGH0Z/oVATuR82AiqSTDIpaHg==",
      "os": ["win32"],
      "cpu": ["x64"]
    },
    "@jridgewell/sourcemap-codec@1.5.5": {
      "integrity": "sha512-cYQ9310grqxueWbl+WuIUIaiUaDcj7WOq5fVhEljNVgRfOUhY9fy2zTvfoqWsnebh8Sl70VScFbICvJnLKB0Og=="
    },
    "@rollup/rollup-android-arm-eabi@4.60.2": {
      "integrity": "sha512-dnlp69efPPg6Uaw2dVqzWRfAWRnYVb1XJ8CyyhIbZeaq4CA5/mLeZ1IEt9QqQxmbdvagjLIm2ZL8BxXv5lH4Yw==",
      "os": ["android"],
      "cpu": ["arm"]
    },
    "@rollup/rollup-android-arm64@4.60.2": {
      "integrity": "sha512-OqZTwDRDchGRHHm/hwLOL7uVPB9aUvI0am/eQuWMNyFHf5PSEQmyEeYYheA0EPPKUO/l0uigCp+iaTjoLjVoHg==",
      "os": ["android"],
      "cpu": ["arm64"]
    },
    "@rollup/rollup-darwin-arm64@4.60.2": {
      "integrity": "sha512-UwRE7CGpvSVEQS8gUMBe1uADWjNnVgP3Iusyda1nSRwNDCsRjnGc7w6El6WLQsXmZTbLZx9cecegumcitNfpmA==",
      "os": ["darwin"],
      "cpu": ["arm64"]
    },
    "@rollup/rollup-darwin-x64@4.60.2": {
      "integrity": "sha512-gjEtURKLCC5VXm1I+2i1u9OhxFsKAQJKTVB8WvDAHF+oZlq0GTVFOlTlO1q3AlCTE/DF32c16ESvfgqR7343/g==",
      "os": ["darwin"],
      "cpu": ["x64"]
    },
    "@rollup/rollup-freebsd-arm64@4.60.2": {
      "integrity": "sha512-Bcl6CYDeAgE70cqZaMojOi/eK63h5Me97ZqAQoh77VPjMysA/4ORQBRGo3rRy45x4MzVlU9uZxs8Uwy7ZaKnBw==",
      "os": ["freebsd"],
      "cpu": ["arm64"]
    },
    "@rollup/rollup-freebsd-x64@4.60.2": {
      "integrity": "sha512-LU+TPda3mAE2QB0/Hp5VyeKJivpC6+tlOXd1VMoXV/YFMvk/MNk5iXeBfB4MQGRWyOYVJ01625vjkr0Az98OJQ==",
      "os": ["freebsd"],
      "cpu": ["x64"]
    },
    "@rollup/rollup-linux-arm-gnueabihf@4.60.2": {
      "integrity": "sha512-2QxQrM+KQ7DAW4o22j+XZ6RKdxjLD7BOWTP0Bv0tmjdyhXSsr2Ul1oJDQqh9Zf5qOwTuTc7Ek83mOFaKnodPjg==",
      "os": ["linux"],
      "cpu": ["arm"]
    },
    "@rollup/rollup-linux-arm-musleabihf@4.60.2": {
      "integrity": "sha512-TbziEu2DVsTEOPif2mKWkMeDMLoYjx95oESa9fkQQK7r/Orta0gnkcDpzwufEcAO2BLBsD7mZkXGFqEdMRRwfw==",
      "os": ["linux"],
      "cpu": ["arm"]
    },
    "@rollup/rollup-linux-arm64-gnu@4.60.2": {
      "integrity": "sha512-bO/rVDiDUuM2YfuCUwZ1t1cP+/yqjqz+Xf2VtkdppefuOFS2OSeAfgafaHNkFn0t02hEyXngZkxtGqXcXwO8Rg==",
      "os": ["linux"],
      "cpu": ["arm64"]
    },
    "@rollup/rollup-linux-arm64-musl@4.60.2": {
      "integrity": "sha512-hr26p7e93Rl0Za+JwW7EAnwAvKkehh12BU1Llm9Ykiibg4uIr2rbpxG9WCf56GuvidlTG9KiiQT/TXT1yAWxTA==",
      "os": ["linux"],
      "cpu": ["arm64"]
    },
    "@rollup/rollup-linux-loong64-gnu@4.60.2": {
      "integrity": "sha512-pOjB/uSIyDt+ow3k/RcLvUAOGpysT2phDn7TTUB3n75SlIgZzM6NKAqlErPhoFU+npgY3/n+2HYIQVbF70P9/A==",
      "os": ["linux"],
      "cpu": ["loong64"]
    },
    "@rollup/rollup-linux-loong64-musl@4.60.2": {
      "integrity": "sha512-2/w+q8jszv9Ww1c+6uJT3OwqhdmGP2/4T17cu8WuwyUuuaCDDJ2ojdyYwZzCxx0GcsZBhzi3HmH+J5pZNXnd+Q==",
      "os": ["linux"],
      "cpu": ["loong64"]
    },
    "@rollup/rollup-linux-ppc64-gnu@4.60.2": {
      "integrity": "sha512-11+aL5vKheYgczxtPVVRhdptAM2H7fcDR5Gw4/bTcteuZBlH4oP9f5s9zYO9aGZvoGeBpqXI/9TZZihZ609wKw==",
      "os": ["linux"],
      "cpu": ["ppc64"]
    },
    "@rollup/rollup-linux-ppc64-musl@4.60.2": {
      "integrity": "sha512-i16fokAGK46IVZuV8LIIwMdtqhin9hfYkCh8pf8iC3QU3LpwL+1FSFGej+O7l3E/AoknL6Dclh2oTdnRMpTzFQ==",
      "os": ["linux"],
      "cpu": ["ppc64"]
    },
    "@rollup/rollup-linux-riscv64-gnu@4.60.2": {
      "integrity": "sha512-49FkKS6RGQoriDSK/6E2GkAsAuU5kETFCh7pG4yD/ylj9rKhTmO3elsnmBvRD4PgJPds5W2PkhC82aVwmUcJ7A==",
      "os": ["linux"],
      "cpu": ["riscv64"]
    },
    "@rollup/rollup-linux-riscv64-musl@4.60.2": {
      "integrity": "sha512-mjYNkHPfGpUR00DuM1ZZIgs64Hpf4bWcz9Z41+4Q+pgDx73UwWdAYyf6EG/lRFldmdHHzgrYyge5akFUW0D3mQ==",
      "os": ["linux"],
      "cpu": ["riscv64"]
    },
    "@rollup/rollup-linux-s390x-gnu@4.60.2": {
      "integrity": "sha512-ALyvJz965BQk8E9Al/JDKKDLH2kfKFLTGMlgkAbbYtZuJt9LU8DW3ZoDMCtQpXAltZxwBHevXz5u+gf0yA0YoA==",
      "os": ["linux"],
      "cpu": ["s390x"]
    },
    "@rollup/rollup-linux-x64-gnu@4.60.2": {
      "integrity": "sha512-UQjrkIdWrKI626Du8lCQ6MJp/6V1LAo2bOK9OTu4mSn8GGXIkPXk/Vsp4bLHCd9Z9Iz2OTEaokUE90VweJgIYQ==",
      "os": ["linux"],
      "cpu": ["x64"]
    },
    "@rollup/rollup-linux-x64-musl@4.60.2": {
      "integrity": "sha512-bTsRGj6VlSdn/XD4CGyzMnzaBs9bsRxy79eTqTCBsA8TMIEky7qg48aPkvJvFe1HyzQ5oMZdg7AnVlWQSKLTnw==",
      "os": ["linux"],
      "cpu": ["x64"]
    },
    "@rollup/rollup-openbsd-x64@4.60.2": {
      "integrity": "sha512-6d4Z3534xitaA1FcMWP7mQPq5zGwBmGbhphh2DwaA1aNIXUu3KTOfwrWpbwI4/Gr0uANo7NTtaykFyO2hPuFLg==",
      "os": ["openbsd"],
      "cpu": ["x64"]
    },
    "@rollup/rollup-openharmony-arm64@4.60.2": {
      "integrity": "sha512-NetAg5iO2uN7eB8zE5qrZ3CSil+7IJt4WDFLcC75Ymywq1VZVD6qJ6EvNLjZ3rEm6gB7XW5JdT60c6MN35Z85Q==",
      "os": ["openharmony"],
      "cpu": ["arm64"]
    },
    "@rollup/rollup-win32-arm64-msvc@4.60.2": {
      "integrity": "sha512-NCYhOotpgWZ5kdxCZsv6Iudx0wX8980Q/oW4pNFNihpBKsDbEA1zpkfxJGC0yugsUuyDZ7gL37dbzwhR0VI7pQ==",
      "os": ["win32"],
      "cpu": ["arm64"]
    },
    "@rollup/rollup-win32-ia32-msvc@4.60.2": {
      "integrity": "sha512-RXsaOqXxfoUBQoOgvmmijVxJnW2IGB0eoMO7F8FAjaj0UTywUO/luSqimWBJn04WNgUkeNhh7fs7pESXajWmkg==",
      "os": ["win32"],
      "cpu": ["ia32"]
    },
    "@rollup/rollup-win32-x64-gnu@4.60.2": {
      "integrity": "sha512-qdAzEULD+/hzObedtmV6iBpdL5TIbKVztGiK7O3/KYSf+HIzU257+MX1EXJcyIiDbMAqmbwaufcYPvyRryeZtA==",
      "os": ["win32"],
      "cpu": ["x64"]
    },
    "@rollup/rollup-win32-x64-msvc@4.60.2": {
      "integrity": "sha512-Nd/SgG27WoA9e+/TdK74KnHz852TLa94ovOYySo/yMPuTmpckK/jIF2jSwS3g7ELSKXK13/cVdmg1Z/DaCWKxA==",
      "os": ["win32"],
      "cpu": ["x64"]
    },
    "@types/chai@5.2.3": {
      "integrity": "sha512-Mw558oeA9fFbv65/y4mHtXDs9bPnFMZAL/jxdPFUpOHHIXX91mcgEHbS5Lahr+pwZFR8A7GQleRWeI6cGFC2UA==",
      "dependencies": [
        "@types/deep-eql",
        "assertion-error"
      ]
    },
    "@types/deep-eql@4.0.2": {
      "integrity": "sha512-c9h9dVVMigMPc4bwTvC5dxqtqJZwQPePsWjPlpSOnojbor6pGqdk541lfA7AqFQr5pB1BRdq0juY9db81BwyFw=="
    },
    "@types/estree@1.0.8": {
      "integrity": "sha512-dWHzHa2WqEXI/O1E9OjrocMTKJl2mSrEolh1Iomrv6U+JuNwaHXsXx9bLu5gG7BUWFIN0skIQJQ/L1rIex4X6w=="
    },
    "@vitest/expect@3.2.4": {
      "integrity": "sha512-Io0yyORnB6sikFlt8QW5K7slY4OjqNX9jmJQ02QDda8lyM6B5oNgVWoSoKPac8/kgnCUzuHQKrSLtu/uOqqrig==",
      "dependencies": [
        "@types/chai",
        "@vitest/spy",
        "@vitest/utils",
        "chai",
        "tinyrainbow"
      ]
    },
    "@vitest/mocker@3.2.4_vite@7.3.2": {
      "integrity": "sha512-46ryTE9RZO/rfDd7pEqFl7etuyzekzEhUbTW3BvmeO/BcCMEgq59BKhek3dXDWgAj4oMK6OZi+vRr1wPW6qjEQ==",
      "dependencies": [
        "@vitest/spy",
        "estree-walker",
        "magic-string",
        "vite"
      ],
      "optionalPeers": [
        "vite"
      ]
    },
    "@vitest/pretty-format@3.2.4": {
      "integrity": "sha512-IVNZik8IVRJRTr9fxlitMKeJeXFFFN0JaB9PHPGQ8NKQbGpfjlTx9zO4RefN8gp7eqjNy8nyK3NZmBzOPeIxtA==",
      "dependencies": [
        "tinyrainbow"
      ]
    },
    "@vitest/runner@3.2.4": {
      "integrity": "sha512-oukfKT9Mk41LreEW09vt45f8wx7DordoWUZMYdY/cyAk7w5TWkTRCNZYF7sX7n2wB7jyGAl74OxgwhPgKaqDMQ==",
      "dependencies": [
        "@vitest/utils",
        "pathe",
        "strip-literal"
      ]
    },
    "@vitest/snapshot@3.2.4": {
      "integrity": "sha512-dEYtS7qQP2CjU27QBC5oUOxLE/v5eLkGqPE0ZKEIDGMs4vKWe7IjgLOeauHsR0D5YuuycGRO5oSRXnwnmA78fQ==",
      "dependencies": [
        "@vitest/pretty-format",
        "magic-string",
        "pathe"
      ]
    },
    "@vitest/spy@3.2.4": {
      "integrity": "sha512-vAfasCOe6AIK70iP5UD11Ac4siNUNJ9i/9PZ3NKx07sG6sUxeag1LWdNrMWeKKYBLlzuK+Gn65Yd5nyL6ds+nw==",
      "dependencies": [
        "tinyspy"
      ]
    },
    "@vitest/utils@3.2.4": {
      "integrity": "sha512-fB2V0JFrQSMsCo9HiSq3Ezpdv4iYaXRG1Sx8edX3MwxfyNn83mKiGzOcH+Fkxt4MHxr3y42fQi1oeAInqgX2QA==",
      "dependencies": [
        "@vitest/pretty-format",
        "loupe",
        "tinyrainbow"
      ]
    },
    "assertion-error@2.0.1": {
      "integrity": "sha512-Izi8RQcffqCeNVgFigKli1ssklIbpHnCYc6AknXGYoB6grJqyeby7jv12JUQgmTAnIDnbck1uxksT4dzN3PWBA=="
    },
    "cac@6.7.14": {
      "integrity": "sha512-b6Ilus+c3RrdDk+JhLKUAQfzzgLEPy6wcXqS7f/xe1EETvsDP6GORG7SFuOs6cID5YkqchW/LXZbX5bc8j7ZcQ=="
    },
    "chai@5.3.3": {
      "integrity": "sha512-4zNhdJD/iOjSH0A05ea+Ke6MU5mmpQcbQsSOkgdaUMJ9zTlDTD/GYlwohmIE2u0gaxHYiVHEn1Fw9mZ/ktJWgw==",
      "dependencies": [
        "assertion-error",
        "check-error",
        "deep-eql",
        "loupe",
        "pathval"
      ]
    },
    "check-error@2.1.3": {
      "integrity": "sha512-PAJdDJusoxnwm1VwW07VWwUN1sl7smmC3OKggvndJFadxxDRyFJBX/ggnu/KE4kQAB7a3Dp8f/YXC1FlUprWmA=="
    },
    "debug@4.4.3": {
      "integrity": "sha512-RGwwWnwQvkVfavKVt22FGLw+xYSdzARwm0ru6DhTVA3umU5hZc28V3kO4stgYryrTlLpuvgI9GiijltAjNbcqA==",
      "dependencies": [
        "ms"
      ]
    },
    "deep-eql@5.0.2": {
      "integrity": "sha512-h5k/5U50IJJFpzfL6nO9jaaumfjO/f2NjK/oYB2Djzm4p9L+3T9qWpZqZ2hAbLPuuYq9wrU08WQyBTL5GbPk5Q=="
    },
    "es-module-lexer@1.7.0": {
      "integrity": "sha512-jEQoCwk8hyb2AZziIOLhDqpm5+2ww5uIE6lkO/6jcOCusfk6LhMHpXXfBLXTZ7Ydyt0j4VoUQv6uGNYbdW+kBA=="
    },
    "esbuild@0.27.7": {
      "integrity": "sha512-IxpibTjyVnmrIQo5aqNpCgoACA/dTKLTlhMHihVHhdkxKyPO1uBBthumT0rdHmcsk9uMonIWS0m4FljWzILh3w==",
      "optionalDependencies": [
        "@esbuild/aix-ppc64",
        "@esbuild/android-arm",
        "@esbuild/android-arm64",
        "@esbuild/android-x64",
        "@esbuild/darwin-arm64",
        "@esbuild/darwin-x64",
        "@esbuild/freebsd-arm64",
        "@esbuild/freebsd-x64",
        "@esbuild/linux-arm",
        "@esbuild/linux-arm64",
        "@esbuild/linux-ia32",
        "@esbuild/linux-loong64",
        "@esbuild/linux-mips64el",
        "@esbuild/linux-ppc64",
        "@esbuild/linux-riscv64",
        "@esbuild/linux-s390x",
        "@esbuild/linux-x64",
        "@esbuild/netbsd-arm64",
        "@esbuild/netbsd-x64",
        "@esbuild/openbsd-arm64",
        "@esbuild/openbsd-x64",
        "@esbuild/openharmony-arm64",
        "@esbuild/sunos-x64",
        "@esbuild/win32-arm64",
        "@esbuild/win32-ia32",
        "@esbuild/win32-x64"
      ],
      "scripts": true,
      "bin": true
    },
    "estree-walker@3.0.3": {
      "integrity": "sha512-7RUKfXgSMMkzt6ZuXmqapOurLGPPfgj6l9uRZ7lRGolvk0y2yocc35LdcxKC5PQZdn2DMqioAQ2NoWcrTKmm6g==",
      "dependencies": [
        "@types/estree"
      ]
    },
    "expect-type@1.3.0": {
      "integrity": "sha512-knvyeauYhqjOYvQ66MznSMs83wmHrCycNEN6Ao+2AeYEfxUIkuiVxdEa1qlGEPK+We3n0THiDciYSsCcgW/DoA=="
    },
    "fdir@6.5.0_picomatch@4.0.4": {
      "integrity": "sha512-tIbYtZbucOs0BRGqPJkshJUYdL+SDH7dVM8gjy+ERp3WAUjLEFJE+02kanyHtwjWOnwrKYBiwAmM0p4kLJAnXg==",
      "dependencies": [
        "picomatch"
      ],
      "optionalPeers": [
        "picomatch"
      ]
    },
    "fsevents@2.3.3": {
      "integrity": "sha512-5xoDfX+fL7faATnagmWPpbFtwh/R77WmMMqqHGS65C3vvB0YHrgF+B1YmZ3441tMj5n63k0212XNoJwzlhffQw==",
      "os": ["darwin"],
      "scripts": true
    },
    "js-tokens@9.0.1": {
      "integrity": "sha512-mxa9E9ITFOt0ban3j6L5MpjwegGz6lBQmM1IJkWeBZGcMxto50+eWdjC/52xDbS2vy0k7vIMK0Fe2wfL9OQSpQ=="
    },
    "loupe@3.2.1": {
      "integrity": "sha512-CdzqowRJCeLU72bHvWqwRBBlLcMEtIvGrlvef74kMnV2AolS9Y8xUv1I0U/MNAWMhBlKIoyuEgoJ0t/bbwHbLQ=="
    },
    "magic-string@0.30.21": {
      "integrity": "sha512-vd2F4YUyEXKGcLHoq+TEyCjxueSeHnFxyyjNp80yg0XV4vUhnDer/lvvlqM/arB5bXQN5K2/3oinyCRyx8T2CQ==",
      "dependencies": [
        "@jridgewell/sourcemap-codec"
      ]
    },
    "ms@2.1.3": {
      "integrity": "sha512-6FlzubTLZG3J2a/NVCAleEhjzq5oxgHyaCU9yYXvcLsvoVaHJq/s5xXI6/XXP6tz7R9xAOtHnSO/tXtF3WRTlA=="
    },
    "nanoid@3.3.12": {
      "integrity": "sha512-ZB9RH/39qpq5Vu6Y+NmUaFhQR6pp+M2Xt76XBnEwDaGcVAqhlvxrl3B2bKS5D3NH3QR76v3aSrKaF/Kiy7lEtQ==",
      "bin": true
    },
    "pathe@2.0.3": {
      "integrity": "sha512-WUjGcAqP1gQacoQe+OBJsFA7Ld4DyXuUIjZ5cc75cLHvJ7dtNsTugphxIADwspS+AraAUePCKrSVtPLFj/F88w=="
    },
    "pathval@2.0.1": {
      "integrity": "sha512-//nshmD55c46FuFw26xV/xFAaB5HF9Xdap7HJBBnrKdAd6/GxDBaNA1870O79+9ueg61cZLSVc+OaFlfmObYVQ=="
    },
    "picocolors@1.1.1": {
      "integrity": "sha512-xceH2snhtb5M9liqDsmEw56le376mTZkEX/jEb/RxNFyegNul7eNslCXP9FDj/Lcu0X8KEyMceP2ntpaHrDEVA=="
    },
    "picomatch@4.0.4": {
      "integrity": "sha512-QP88BAKvMam/3NxH6vj2o21R6MjxZUAd6nlwAS/pnGvN9IVLocLHxGYIzFhg6fUQ+5th6P4dv4eW9jX3DSIj7A=="
    },
    "postcss@8.5.13": {
      "integrity": "sha512-qif0+jGGZoLWdHey3UFHHWP0H7Gbmsk8T5VEqyYFbWqPr1XqvLGBbk/sl8V5exGmcYJklJOhOQq1pV9IcsiFag==",
      "dependencies": [
        "nanoid",
        "picocolors",
        "source-map-js"
      ]
    },
    "rollup@4.60.2": {
      "integrity": "sha512-J9qZyW++QK/09NyN/zeO0dG/1GdGfyp9lV8ajHnRVLfo/uFsbji5mHnDgn/qYdUHyCkM2N+8VyspgZclfAh0eQ==",
      "dependencies": [
        "@types/estree"
      ],
      "optionalDependencies": [
        "@rollup/rollup-android-arm-eabi",
        "@rollup/rollup-android-arm64",
        "@rollup/rollup-darwin-arm64",
        "@rollup/rollup-darwin-x64",
        "@rollup/rollup-freebsd-arm64",
        "@rollup/rollup-freebsd-x64",
        "@rollup/rollup-linux-arm-gnueabihf",
        "@rollup/rollup-linux-arm-musleabihf",
        "@rollup/rollup-linux-arm64-gnu",
        "@rollup/rollup-linux-arm64-musl",
        "@rollup/rollup-linux-loong64-gnu",
        "@rollup/rollup-linux-loong64-musl",
        "@rollup/rollup-linux-ppc64-gnu",
        "@rollup/rollup-linux-ppc64-musl",
        "@rollup/rollup-linux-riscv64-gnu",
        "@rollup/rollup-linux-riscv64-musl",
        "@rollup/rollup-linux-s390x-gnu",
        "@rollup/rollup-linux-x64-gnu",
        "@rollup/rollup-linux-x64-musl",
        "@rollup/rollup-openbsd-x64",
        "@rollup/rollup-openharmony-arm64",
        "@rollup/rollup-win32-arm64-msvc",
        "@rollup/rollup-win32-ia32-msvc",
        "@rollup/rollup-win32-x64-gnu",
        "@rollup/rollup-win32-x64-msvc",
        "fsevents"
      ],
      "bin": true
    },
    "siginfo@2.0.0": {
      "integrity": "sha512-ybx0WO1/8bSBLEWXZvEd7gMW3Sn3JFlW3TvX1nREbDLRNQNaeNN8WK0meBwPdAaOI7TtRRRJn/Es1zhrrCHu7g=="
    },
    "source-map-js@1.2.1": {
      "integrity": "sha512-UXWMKhLOwVKb728IUtQPXxfYU+usdybtUrK/8uGE8CQMvrhOpwvzDBwj0QhSL7MQc7vIsISBG8VQ8+IDQxpfQA=="
    },
    "stackback@0.0.2": {
      "integrity": "sha512-1XMJE5fQo1jGH6Y/7ebnwPOBEkIEnT4QF32d5R1+VXdXveM0IBMJt8zfaxX1P3QhVwrYe+576+jkANtSS2mBbw=="
    },
    "std-env@3.10.0": {
      "integrity": "sha512-5GS12FdOZNliM5mAOxFRg7Ir0pWz8MdpYm6AY6VPkGpbA7ZzmbzNcBJQ0GPvvyWgcY7QAhCgf9Uy89I03faLkg=="
    },
    "strip-literal@3.1.0": {
      "integrity": "sha512-8r3mkIM/2+PpjHoOtiAW8Rg3jJLHaV7xPwG+YRGrv6FP0wwk/toTpATxWYOW0BKdWwl82VT2tFYi5DlROa0Mxg==",
      "dependencies": [
        "js-tokens"
      ]
    },
    "tinybench@2.9.0": {
      "integrity": "sha512-0+DUvqWMValLmha6lr4kD8iAMK1HzV0/aKnCtWb9v9641TnP/MFb7Pc2bxoxQjTXAErryXVgUOfv2YqNllqGeg=="
    },
    "tinyexec@0.3.2": {
      "integrity": "sha512-KQQR9yN7R5+OSwaK0XQoj22pwHoTlgYqmUscPYoknOoWCWfj/5/ABTMRi69FrKU5ffPVh5QcFikpWJI/P1ocHA=="
    },
    "tinyglobby@0.2.16": {
      "integrity": "sha512-pn99VhoACYR8nFHhxqix+uvsbXineAasWm5ojXoN8xEwK5Kd3/TrhNn1wByuD52UxWRLy8pu+kRMniEi6Eq9Zg==",
      "dependencies": [
        "fdir",
        "picomatch"
      ]
    },
    "tinypool@1.1.1": {
      "integrity": "sha512-Zba82s87IFq9A9XmjiX5uZA/ARWDrB03OHlq+Vw1fSdt0I+4/Kutwy8BP4Y/y/aORMo61FQ0vIb5j44vSo5Pkg=="
    },
    "tinyrainbow@2.0.0": {
      "integrity": "sha512-op4nsTR47R6p0vMUUoYl/a+ljLFVtlfaXkLQmqfLR1qHma1h/ysYk4hEXZ880bf2CYgTskvTa/e196Vd5dDQXw=="
    },
    "tinyspy@4.0.4": {
      "integrity": "sha512-azl+t0z7pw/z958Gy9svOTuzqIk6xq+NSheJzn5MMWtWTFywIacg2wUlzKFGtt3cthx0r2SxMK0yzJOR0IES7Q=="
    },
    "vite-node@3.2.4": {
      "integrity": "sha512-EbKSKh+bh1E1IFxeO0pg1n4dvoOTt0UDiXMd/qn++r98+jPO1xtJilvXldeuQ8giIB5IkpjCgMleHMNEsGH6pg==",
      "dependencies": [
        "cac",
        "debug",
        "es-module-lexer",
        "pathe",
        "vite"
      ],
      "bin": true
    },
    "vite@7.3.2": {
      "integrity": "sha512-Bby3NOsna2jsjfLVOHKes8sGwgl4TT0E6vvpYgnAYDIF/tie7MRaFthmKuHx1NSXjiTueXH3do80FMQgvEktRg==",
      "dependencies": [
        "esbuild",
        "fdir",
        "picomatch",
        "postcss",
        "rollup",
        "tinyglobby"
      ],
      "optionalDependencies": [
        "fsevents"
      ],
      "bin": true
    },
    "vitest@3.2.4": {
      "integrity": "sha512-LUCP5ev3GURDysTWiP47wRRUpLKMOfPh+yKTx3kVIEiu5KOMeqzpnYNsKyOoVrULivR8tLcks4+lga33Whn90A==",
      "dependencies": [
        "@types/chai",
        "@vitest/expect",
        "@vitest/mocker",
        "@vitest/pretty-format",
        "@vitest/runner",
        "@vitest/snapshot",
        "@vitest/spy",
        "@vitest/utils",
        "chai",
        "debug",
        "expect-type",
        "magic-string",
        "pathe",
        "picomatch",
        "std-env",
        "tinybench",
        "tinyexec",
        "tinyglobby",
        "tinypool",
        "tinyrainbow",
        "vite",
        "vite-node",
        "why-is-node-running"
      ],
      "bin": true
    },
    "why-is-node-running@2.3.0": {
      "integrity": "sha512-hUrmaWBdVDcxvYqnyh09zunKzROWjbZTiNy8dBEjkS7ehEDQibXJ7XvlmtbwuTclUiIyN+CyXQD4Vmko8fNm8w==",
      "dependencies": [
        "siginfo",
        "stackback"
      ],
      "bin": true
    }
  },
  "redirects": {
    "https://esm.sh/@supabase/supabase-js@2": "https://esm.sh/@supabase/supabase-js@2.99.2",
    "https://esm.sh/iceberg-js@^0.8.1?target=denonext": "https://esm.sh/iceberg-js@0.8.1?target=denonext"
  },
  "remote": {
    "https://deno.land/std@0.224.0/assert/_constants.ts": "a271e8ef5a573f1df8e822a6eb9d09df064ad66a4390f21b3e31f820a38e0975",
    "https://deno.land/std@0.224.0/assert/assert.ts": "09d30564c09de846855b7b071e62b5974b001bb72a4b797958fe0660e7849834",
    "https://deno.land/std@0.224.0/assert/assert_almost_equals.ts": "9e416114322012c9a21fa68e187637ce2d7df25bcbdbfd957cd639e65d3cf293",
    "https://deno.land/std@0.224.0/assert/assert_array_includes.ts": "14c5094471bc8e4a7895fc6aa5a184300d8a1879606574cb1cd715ef36a4a3c7",
    "https://deno.land/std@0.224.0/assert/assert_equals.ts": "3bbca947d85b9d374a108687b1a8ba3785a7850436b5a8930d81f34a32cb8c74",
    "https://deno.land/std@0.224.0/assert/assert_exists.ts": "43420cf7f956748ae6ed1230646567b3593cb7a36c5a5327269279c870c5ddfd",
    "https://deno.land/std@0.224.0/assert/assert_false.ts": "3e9be8e33275db00d952e9acb0cd29481a44fa0a4af6d37239ff58d79e8edeff",
    "https://deno.land/std@0.224.0/assert/assert_greater.ts": "5e57b201fd51b64ced36c828e3dfd773412c1a6120c1a5a99066c9b261974e46",
    "https://deno.land/std@0.224.0/assert/assert_greater_or_equal.ts": "9870030f997a08361b6f63400273c2fb1856f5db86c0c3852aab2a002e425c5b",
    "https://deno.land/std@0.224.0/assert/assert_instance_of.ts": "e22343c1fdcacfaea8f37784ad782683ec1cf599ae9b1b618954e9c22f376f2c",
    "https://deno.land/std@0.224.0/assert/assert_is_error.ts": "f856b3bc978a7aa6a601f3fec6603491ab6255118afa6baa84b04426dd3cc491",
    "https://deno.land/std@0.224.0/assert/assert_less.ts": "60b61e13a1982865a72726a5fa86c24fad7eb27c3c08b13883fb68882b307f68",
    "https://deno.land/std@0.224.0/assert/assert_less_or_equal.ts": "d2c84e17faba4afe085e6c9123a63395accf4f9e00150db899c46e67420e0ec3",
    "https://deno.land/std@0.224.0/assert/assert_match.ts": "ace1710dd3b2811c391946954234b5da910c5665aed817943d086d4d4871a8b7",
    "https://deno.land/std@0.224.0/assert/assert_not_equals.ts": "78d45dd46133d76ce624b2c6c09392f6110f0df9b73f911d20208a68dee2ef29",
    "https://deno.land/std@0.224.0/assert/assert_not_instance_of.ts": "3434a669b4d20cdcc5359779301a0588f941ffdc2ad68803c31eabdb4890cf7a",
    "https://deno.land/std@0.224.0/assert/assert_not_match.ts": "df30417240aa2d35b1ea44df7e541991348a063d9ee823430e0b58079a72242a",
    "https://deno.land/std@0.224.0/assert/assert_not_strict_equals.ts": "37f73880bd672709373d6dc2c5f148691119bed161f3020fff3548a0496f71b8",
    "https://deno.land/std@0.224.0/assert/assert_object_match.ts": "411450fd194fdaabc0089ae68f916b545a49d7b7e6d0026e84a54c9e7eed2693",
    "https://deno.land/std@0.224.0/assert/assert_rejects.ts": "4bee1d6d565a5b623146a14668da8f9eb1f026a4f338bbf92b37e43e0aa53c31",
    "https://deno.land/std@0.224.0/assert/assert_strict_equals.ts": "b4f45f0fd2e54d9029171876bd0b42dd9ed0efd8f853ab92a3f50127acfa54f5",
    "https://deno.land/std@0.224.0/assert/assert_string_includes.ts": "496b9ecad84deab72c8718735373feb6cdaa071eb91a98206f6f3cb4285e71b8",
    "https://deno.land/std@0.224.0/assert/assert_throws.ts": "c6508b2879d465898dab2798009299867e67c570d7d34c90a2d235e4553906eb",
    "https://deno.land/std@0.224.0/assert/assertion_error.ts": "ba8752bd27ebc51f723702fac2f54d3e94447598f54264a6653d6413738a8917",
    "https://deno.land/std@0.224.0/assert/equal.ts": "bddf07bb5fc718e10bb72d5dc2c36c1ce5a8bdd3b647069b6319e07af181ac47",
    "https://deno.land/std@0.224.0/assert/fail.ts": "0eba674ffb47dff083f02ced76d5130460bff1a9a68c6514ebe0cdea4abadb68",
    "https://deno.land/std@0.224.0/assert/mod.ts": "48b8cb8a619ea0b7958ad7ee9376500fe902284bb36f0e32c598c3dc34cbd6f3",
    "https://deno.land/std@0.224.0/assert/unimplemented.ts": "8c55a5793e9147b4f1ef68cd66496b7d5ba7a9e7ca30c6da070c1a58da723d73",
    "https://deno.land/std@0.224.0/assert/unreachable.ts": "5ae3dbf63ef988615b93eb08d395dda771c96546565f9e521ed86f6510c29e19",
    "https://deno.land/std@0.224.0/fmt/colors.ts": "508563c0659dd7198ba4bbf87e97f654af3c34eb56ba790260f252ad8012e1c5",
    "https://deno.land/std@0.224.0/internal/diff.ts": "6234a4b493ebe65dc67a18a0eb97ef683626a1166a1906232ce186ae9f65f4e6",
    "https://deno.land/std@0.224.0/internal/format.ts": "0a98ee226fd3d43450245b1844b47003419d34d210fa989900861c79820d21c2",
    "https://deno.land/std@0.224.0/internal/mod.ts": "534125398c8e7426183e12dc255bb635d94e06d0f93c60a297723abe69d3b22e",
    "https://esm.sh/@supabase/auth-js@2.99.2/denonext/auth-js.mjs": "a8c9d5085ca53b234df596ddd6ab8f7ae39974708f187efb88ad1e9d6aad7ec3",
    "https://esm.sh/@supabase/functions-js@2.99.2/denonext/functions-js.mjs": "8fb46d367ab73a9380567a15d9b5f69eab5d48fbd86eff53212e1613f65591f7",
    "https://esm.sh/@supabase/postgrest-js@2.99.2/denonext/postgrest-js.mjs": "ff9adfa5bd929a6e52bc8b4d4f95d2423ca107c828150db7679660d5d5445c40",
    "https://esm.sh/@supabase/realtime-js@2.99.2/denonext/realtime-js.mjs": "283ad2a2c27b7391016ce2f5198cc11dcd88ba5142e7e59d71a7977f2974b97a",
    "https://esm.sh/@supabase/storage-js@2.99.2/denonext/storage-js.mjs": "61107f13005d7c2812bc3419f32f82e7b07cf357046b10a240e286bab1c710ef",
    "https://esm.sh/@supabase/supabase-js@2.99.2": "efb7249144e7f54bf97ebe1a570036360aebb58d882f9f4a3b960aad3958f0bf",
    "https://esm.sh/@supabase/supabase-js@2.99.2/denonext/supabase-js.mjs": "c572f3d76a4b08266be4f82a61da5859fd45c6051791bfd9d4d75df867464342",
    "https://esm.sh/iceberg-js@0.8.1/denonext/iceberg-js.mjs": "d839d81a2e3966500ca2cdd0c1cb458e9608bacfc91f7bb67a69b2e878dcdb4f",
    "https://esm.sh/iceberg-js@0.8.1?target=denonext": "58c849d7fe2bf4eca4a84eb501e83c161a7d8c34ca1bec15a962b3bec3062633",
    "https://esm.sh/tslib@2.8.1/denonext/tslib.mjs": "c38da5dd6da6281964435002ce204cd586634fe3bdfb24a0ee116f48cf3292e9"
  },
  "workspace": {
    "packageJson": {
      "dependencies": [
        "npm:vitest@^3.1.1"
      ]
    }
  }
}
